
Microsoft Visual Studio Solution File, Format Version 12.00
# Visual Studio Version 16
VisualStudioVersion = 16.0.28729.10
MinimumVisualStudioVersion = 10.0.40219.1
Project("{FAE04EC0-301F-11D3-BF4B-00C04F79EFBC}") = "Test", "Test\Test.csproj", "{0CB5D294-004E-4D8C-80FC-864FA2D8B349}"
EndProject
Project("{FAE04EC0-301F-11D3-BF4B-00C04F79EFBC}") = "DocReader", "DocReader\DocReader.csproj", "{A2C5F9C2-1728-4D6A-BF7E-C11521952784}"
EndProject
Project("{9A19103F-16F7-4668-BE54-9A1E7A4F7556}") = "DocReader.Core", "DocReader.Core\DocReader.Core.csproj", "{F1BF2111-29CE-4515-811F-A43FAF677349}"
EndProject
Project("{54435603-DBB4-11D2-8724-00A0C9A8B90C}") = "PassportServiceSetup", "PassportServiceSetup\PassportServiceSetup.vdproj", "{72C38C0A-6EA3-465B-B6AF-5C1776A7047A}"
EndProject
Project("{FAE04EC0-301F-11D3-BF4B-00C04F79EFBC}") = "CustomSetup", "CustomSetup\CustomSetup.csproj", "{C9F25B18-9796-4D93-B43F-968C5C62221C}"
EndProject
Project("{2150E333-8FDC-42A3-9474-1A3956D46DE8}") = "Solution Items", "Solution Items", "{91E2DDAC-7B14-49E1-95A5-9DA0956AE9DA}"
	ProjectSection(SolutionItems) = preProject
		..\license.rtf = ..\license.rtf
	EndProjectSection
EndProject
Project("{FAE04EC0-301F-11D3-BF4B-00C04F79EFBC}") = "PassportService", "PassportService\PassportService.csproj", "{D484D8A3-D3AD-488F-BD55-1582E73CFA75}"
EndProject
Global
	GlobalSection(SolutionConfigurationPlatforms) = preSolution
		Debug|Any CPU = Debug|Any CPU
		Debug|ARM = Debug|ARM
		Debug|ARM64 = Debug|ARM64
		Debug|x64 = Debug|x64
		Debug|x86 = Debug|x86
		DebugDEV|Any CPU = DebugDEV|Any CPU
		DebugDEV|ARM = DebugDEV|ARM
		DebugDEV|ARM64 = DebugDEV|ARM64
		DebugDEV|x64 = DebugDEV|x64
		DebugDEV|x86 = DebugDEV|x86
		DebugLRN|Any CPU = DebugLRN|Any CPU
		DebugLRN|ARM = DebugLRN|ARM
		DebugLRN|ARM64 = DebugLRN|ARM64
		DebugLRN|x64 = DebugLRN|x64
		DebugLRN|x86 = DebugLRN|x86
		DebugProdukcja|Any CPU = DebugProdukcja|Any CPU
		DebugProdukcja|ARM = DebugProdukcja|ARM
		DebugProdukcja|ARM64 = DebugProdukcja|ARM64
		DebugProdukcja|x64 = DebugProdukcja|x64
		DebugProdukcja|x86 = DebugProdukcja|x86
		Debug-Vis|Any CPU = Debug-Vis|Any CPU
		Debug-Vis|ARM = Debug-Vis|ARM
		Debug-Vis|ARM64 = Debug-Vis|ARM64
		Debug-Vis|x64 = Debug-Vis|x64
		Debug-Vis|x86 = Debug-Vis|x86
		Learn|Any CPU = Learn|Any CPU
		Learn|ARM = Learn|ARM
		Learn|ARM64 = Learn|ARM64
		Learn|x64 = Learn|x64
		Learn|x86 = Learn|x86
		LearnDebug|Any CPU = LearnDebug|Any CPU
		LearnDebug|ARM = LearnDebug|ARM
		LearnDebug|ARM64 = LearnDebug|ARM64
		LearnDebug|x64 = LearnDebug|x64
		LearnDebug|x86 = LearnDebug|x86
		Produkcja|Any CPU = Produkcja|Any CPU
		Produkcja|ARM = Produkcja|ARM
		Produkcja|ARM64 = Produkcja|ARM64
		Produkcja|x64 = Produkcja|x64
		Produkcja|x86 = Produkcja|x86
		Release|Any CPU = Release|Any CPU
		Release|ARM = Release|ARM
		Release|ARM64 = Release|ARM64
		Release|x64 = Release|x64
		Release|x86 = Release|x86
	EndGlobalSection
	GlobalSection(ProjectConfigurationPlatforms) = postSolution
		{0CB5D294-004E-4D8C-80FC-864FA2D8B349}.Debug|Any CPU.ActiveCfg = Debug|Any CPU
		{0CB5D294-004E-4D8C-80FC-864FA2D8B349}.Debug|Any CPU.Build.0 = Debug|Any CPU
		{0CB5D294-004E-4D8C-80FC-864FA2D8B349}.Debug|ARM.ActiveCfg = Debug|Any CPU
		{0CB5D294-004E-4D8C-80FC-864FA2D8B349}.Debug|ARM.Build.0 = Debug|Any CPU
		{0CB5D294-004E-4D8C-80FC-864FA2D8B349}.Debug|ARM64.ActiveCfg = Debug|Any CPU
		{0CB5D294-004E-4D8C-80FC-864FA2D8B349}.Debug|ARM64.Build.0 = Debug|Any CPU
		{0CB5D294-004E-4D8C-80FC-864FA2D8B349}.Debug|x64.ActiveCfg = Debug|Any CPU
		{0CB5D294-004E-4D8C-80FC-864FA2D8B349}.Debug|x64.Build.0 = Debug|Any CPU
		{0CB5D294-004E-4D8C-80FC-864FA2D8B349}.Debug|x86.ActiveCfg = Debug|Any CPU
		{0CB5D294-004E-4D8C-80FC-864FA2D8B349}.Debug|x86.Build.0 = Debug|Any CPU
		{0CB5D294-004E-4D8C-80FC-864FA2D8B349}.DebugDEV|Any CPU.ActiveCfg = Debug|Any CPU
		{0CB5D294-004E-4D8C-80FC-864FA2D8B349}.DebugDEV|Any CPU.Build.0 = Debug|Any CPU
		{0CB5D294-004E-4D8C-80FC-864FA2D8B349}.DebugDEV|ARM.ActiveCfg = Debug|Any CPU
		{0CB5D294-004E-4D8C-80FC-864FA2D8B349}.DebugDEV|ARM.Build.0 = Debug|Any CPU
		{0CB5D294-004E-4D8C-80FC-864FA2D8B349}.DebugDEV|ARM64.ActiveCfg = Debug|Any CPU
		{0CB5D294-004E-4D8C-80FC-864FA2D8B349}.DebugDEV|ARM64.Build.0 = Debug|Any CPU
		{0CB5D294-004E-4D8C-80FC-864FA2D8B349}.DebugDEV|x64.ActiveCfg = Debug|Any CPU
		{0CB5D294-004E-4D8C-80FC-864FA2D8B349}.DebugDEV|x64.Build.0 = Debug|Any CPU
		{0CB5D294-004E-4D8C-80FC-864FA2D8B349}.DebugDEV|x86.ActiveCfg = Debug|Any CPU
		{0CB5D294-004E-4D8C-80FC-864FA2D8B349}.DebugDEV|x86.Build.0 = Debug|Any CPU
		{0CB5D294-004E-4D8C-80FC-864FA2D8B349}.DebugLRN|Any CPU.ActiveCfg = Debug|Any CPU
		{0CB5D294-004E-4D8C-80FC-864FA2D8B349}.DebugLRN|Any CPU.Build.0 = Debug|Any CPU
		{0CB5D294-004E-4D8C-80FC-864FA2D8B349}.DebugLRN|ARM.ActiveCfg = Debug|Any CPU
		{0CB5D294-004E-4D8C-80FC-864FA2D8B349}.DebugLRN|ARM.Build.0 = Debug|Any CPU
		{0CB5D294-004E-4D8C-80FC-864FA2D8B349}.DebugLRN|ARM64.ActiveCfg = Debug|Any CPU
		{0CB5D294-004E-4D8C-80FC-864FA2D8B349}.DebugLRN|ARM64.Build.0 = Debug|Any CPU
		{0CB5D294-004E-4D8C-80FC-864FA2D8B349}.DebugLRN|x64.ActiveCfg = Debug|Any CPU
		{0CB5D294-004E-4D8C-80FC-864FA2D8B349}.DebugLRN|x64.Build.0 = Debug|Any CPU
		{0CB5D294-004E-4D8C-80FC-864FA2D8B349}.DebugLRN|x86.ActiveCfg = Debug|Any CPU
		{0CB5D294-004E-4D8C-80FC-864FA2D8B349}.DebugLRN|x86.Build.0 = Debug|Any CPU
		{0CB5D294-004E-4D8C-80FC-864FA2D8B349}.DebugProdukcja|Any CPU.ActiveCfg = Debug|Any CPU
		{0CB5D294-004E-4D8C-80FC-864FA2D8B349}.DebugProdukcja|Any CPU.Build.0 = Debug|Any CPU
		{0CB5D294-004E-4D8C-80FC-864FA2D8B349}.DebugProdukcja|ARM.ActiveCfg = Debug|Any CPU
		{0CB5D294-004E-4D8C-80FC-864FA2D8B349}.DebugProdukcja|ARM.Build.0 = Debug|Any CPU
		{0CB5D294-004E-4D8C-80FC-864FA2D8B349}.DebugProdukcja|ARM64.ActiveCfg = Debug|Any CPU
		{0CB5D294-004E-4D8C-80FC-864FA2D8B349}.DebugProdukcja|ARM64.Build.0 = Debug|Any CPU
		{0CB5D294-004E-4D8C-80FC-864FA2D8B349}.DebugProdukcja|x64.ActiveCfg = Debug|Any CPU
		{0CB5D294-004E-4D8C-80FC-864FA2D8B349}.DebugProdukcja|x64.Build.0 = Debug|Any CPU
		{0CB5D294-004E-4D8C-80FC-864FA2D8B349}.DebugProdukcja|x86.ActiveCfg = Debug|Any CPU
		{0CB5D294-004E-4D8C-80FC-864FA2D8B349}.DebugProdukcja|x86.Build.0 = Debug|Any CPU
		{0CB5D294-004E-4D8C-80FC-864FA2D8B349}.Debug-Vis|Any CPU.ActiveCfg = Debug|Any CPU
		{0CB5D294-004E-4D8C-80FC-864FA2D8B349}.Debug-Vis|Any CPU.Build.0 = Debug|Any CPU
		{0CB5D294-004E-4D8C-80FC-864FA2D8B349}.Debug-Vis|ARM.ActiveCfg = Debug|Any CPU
		{0CB5D294-004E-4D8C-80FC-864FA2D8B349}.Debug-Vis|ARM.Build.0 = Debug|Any CPU
		{0CB5D294-004E-4D8C-80FC-864FA2D8B349}.Debug-Vis|ARM64.ActiveCfg = Debug|Any CPU
		{0CB5D294-004E-4D8C-80FC-864FA2D8B349}.Debug-Vis|ARM64.Build.0 = Debug|Any CPU
		{0CB5D294-004E-4D8C-80FC-864FA2D8B349}.Debug-Vis|x64.ActiveCfg = Debug|Any CPU
		{0CB5D294-004E-4D8C-80FC-864FA2D8B349}.Debug-Vis|x64.Build.0 = Debug|Any CPU
		{0CB5D294-004E-4D8C-80FC-864FA2D8B349}.Debug-Vis|x86.ActiveCfg = Debug|Any CPU
		{0CB5D294-004E-4D8C-80FC-864FA2D8B349}.Debug-Vis|x86.Build.0 = Debug|Any CPU
		{0CB5D294-004E-4D8C-80FC-864FA2D8B349}.Learn|Any CPU.ActiveCfg = Release|Any CPU
		{0CB5D294-004E-4D8C-80FC-864FA2D8B349}.Learn|Any CPU.Build.0 = Release|Any CPU
		{0CB5D294-004E-4D8C-80FC-864FA2D8B349}.Learn|ARM.ActiveCfg = Release|Any CPU
		{0CB5D294-004E-4D8C-80FC-864FA2D8B349}.Learn|ARM.Build.0 = Release|Any CPU
		{0CB5D294-004E-4D8C-80FC-864FA2D8B349}.Learn|ARM64.ActiveCfg = Release|Any CPU
		{0CB5D294-004E-4D8C-80FC-864FA2D8B349}.Learn|ARM64.Build.0 = Release|Any CPU
		{0CB5D294-004E-4D8C-80FC-864FA2D8B349}.Learn|x64.ActiveCfg = Release|Any CPU
		{0CB5D294-004E-4D8C-80FC-864FA2D8B349}.Learn|x64.Build.0 = Release|Any CPU
		{0CB5D294-004E-4D8C-80FC-864FA2D8B349}.Learn|x86.ActiveCfg = Release|Any CPU
		{0CB5D294-004E-4D8C-80FC-864FA2D8B349}.Learn|x86.Build.0 = Release|Any CPU
		{0CB5D294-004E-4D8C-80FC-864FA2D8B349}.LearnDebug|Any CPU.ActiveCfg = Debug|Any CPU
		{0CB5D294-004E-4D8C-80FC-864FA2D8B349}.LearnDebug|Any CPU.Build.0 = Debug|Any CPU
		{0CB5D294-004E-4D8C-80FC-864FA2D8B349}.LearnDebug|ARM.ActiveCfg = Debug|Any CPU
		{0CB5D294-004E-4D8C-80FC-864FA2D8B349}.LearnDebug|ARM.Build.0 = Debug|Any CPU
		{0CB5D294-004E-4D8C-80FC-864FA2D8B349}.LearnDebug|ARM64.ActiveCfg = Debug|Any CPU
		{0CB5D294-004E-4D8C-80FC-864FA2D8B349}.LearnDebug|ARM64.Build.0 = Debug|Any CPU
		{0CB5D294-004E-4D8C-80FC-864FA2D8B349}.LearnDebug|x64.ActiveCfg = Debug|Any CPU
		{0CB5D294-004E-4D8C-80FC-864FA2D8B349}.LearnDebug|x64.Build.0 = Debug|Any CPU
		{0CB5D294-004E-4D8C-80FC-864FA2D8B349}.LearnDebug|x86.ActiveCfg = Debug|Any CPU
		{0CB5D294-004E-4D8C-80FC-864FA2D8B349}.LearnDebug|x86.Build.0 = Debug|Any CPU
		{0CB5D294-004E-4D8C-80FC-864FA2D8B349}.Produkcja|Any CPU.ActiveCfg = Release|Any CPU
		{0CB5D294-004E-4D8C-80FC-864FA2D8B349}.Produkcja|Any CPU.Build.0 = Release|Any CPU
		{0CB5D294-004E-4D8C-80FC-864FA2D8B349}.Produkcja|ARM.ActiveCfg = Release|Any CPU
		{0CB5D294-004E-4D8C-80FC-864FA2D8B349}.Produkcja|ARM.Build.0 = Release|Any CPU
		{0CB5D294-004E-4D8C-80FC-864FA2D8B349}.Produkcja|ARM64.ActiveCfg = Release|Any CPU
		{0CB5D294-004E-4D8C-80FC-864FA2D8B349}.Produkcja|ARM64.Build.0 = Release|Any CPU
		{0CB5D294-004E-4D8C-80FC-864FA2D8B349}.Produkcja|x64.ActiveCfg = Release|Any CPU
		{0CB5D294-004E-4D8C-80FC-864FA2D8B349}.Produkcja|x64.Build.0 = Release|Any CPU
		{0CB5D294-004E-4D8C-80FC-864FA2D8B349}.Produkcja|x86.ActiveCfg = Release|Any CPU
		{0CB5D294-004E-4D8C-80FC-864FA2D8B349}.Produkcja|x86.Build.0 = Release|Any CPU
		{0CB5D294-004E-4D8C-80FC-864FA2D8B349}.Release|Any CPU.ActiveCfg = Release|Any CPU
		{0CB5D294-004E-4D8C-80FC-864FA2D8B349}.Release|Any CPU.Build.0 = Release|Any CPU
		{0CB5D294-004E-4D8C-80FC-864FA2D8B349}.Release|ARM.ActiveCfg = Release|Any CPU
		{0CB5D294-004E-4D8C-80FC-864FA2D8B349}.Release|ARM.Build.0 = Release|Any CPU
		{0CB5D294-004E-4D8C-80FC-864FA2D8B349}.Release|ARM64.ActiveCfg = Release|Any CPU
		{0CB5D294-004E-4D8C-80FC-864FA2D8B349}.Release|ARM64.Build.0 = Release|Any CPU
		{0CB5D294-004E-4D8C-80FC-864FA2D8B349}.Release|x64.ActiveCfg = Release|Any CPU
		{0CB5D294-004E-4D8C-80FC-864FA2D8B349}.Release|x64.Build.0 = Release|Any CPU
		{0CB5D294-004E-4D8C-80FC-864FA2D8B349}.Release|x86.ActiveCfg = Release|Any CPU
		{0CB5D294-004E-4D8C-80FC-864FA2D8B349}.Release|x86.Build.0 = Release|Any CPU
		{A2C5F9C2-1728-4D6A-BF7E-C11521952784}.Debug|Any CPU.ActiveCfg = Debug|x86
		{A2C5F9C2-1728-4D6A-BF7E-C11521952784}.Debug|ARM.ActiveCfg = Debug|ARM
		{A2C5F9C2-1728-4D6A-BF7E-C11521952784}.Debug|ARM.Build.0 = Debug|ARM
		{A2C5F9C2-1728-4D6A-BF7E-C11521952784}.Debug|ARM.Deploy.0 = Debug|ARM
		{A2C5F9C2-1728-4D6A-BF7E-C11521952784}.Debug|ARM64.ActiveCfg = Debug|x86
		{A2C5F9C2-1728-4D6A-BF7E-C11521952784}.Debug|x64.ActiveCfg = Debug|x64
		{A2C5F9C2-1728-4D6A-BF7E-C11521952784}.Debug|x64.Build.0 = Debug|x64
		{A2C5F9C2-1728-4D6A-BF7E-C11521952784}.Debug|x64.Deploy.0 = Debug|x64
		{A2C5F9C2-1728-4D6A-BF7E-C11521952784}.Debug|x86.ActiveCfg = Debug|x86
		{A2C5F9C2-1728-4D6A-BF7E-C11521952784}.Debug|x86.Build.0 = Debug|x86
		{A2C5F9C2-1728-4D6A-BF7E-C11521952784}.Debug|x86.Deploy.0 = Debug|x86
		{A2C5F9C2-1728-4D6A-BF7E-C11521952784}.DebugDEV|Any CPU.ActiveCfg = Release|x64
		{A2C5F9C2-1728-4D6A-BF7E-C11521952784}.DebugDEV|Any CPU.Build.0 = Release|x64
		{A2C5F9C2-1728-4D6A-BF7E-C11521952784}.DebugDEV|Any CPU.Deploy.0 = Release|x64
		{A2C5F9C2-1728-4D6A-BF7E-C11521952784}.DebugDEV|ARM.ActiveCfg = Debug|ARM
		{A2C5F9C2-1728-4D6A-BF7E-C11521952784}.DebugDEV|ARM.Build.0 = Debug|ARM
		{A2C5F9C2-1728-4D6A-BF7E-C11521952784}.DebugDEV|ARM.Deploy.0 = Debug|ARM
		{A2C5F9C2-1728-4D6A-BF7E-C11521952784}.DebugDEV|ARM64.ActiveCfg = Release|x64
		{A2C5F9C2-1728-4D6A-BF7E-C11521952784}.DebugDEV|ARM64.Build.0 = Release|x64
		{A2C5F9C2-1728-4D6A-BF7E-C11521952784}.DebugDEV|ARM64.Deploy.0 = Release|x64
		{A2C5F9C2-1728-4D6A-BF7E-C11521952784}.DebugDEV|x64.ActiveCfg = Debug|x64
		{A2C5F9C2-1728-4D6A-BF7E-C11521952784}.DebugDEV|x64.Build.0 = Debug|x64
		{A2C5F9C2-1728-4D6A-BF7E-C11521952784}.DebugDEV|x64.Deploy.0 = Debug|x64
		{A2C5F9C2-1728-4D6A-BF7E-C11521952784}.DebugDEV|x86.ActiveCfg = Debug|x86
		{A2C5F9C2-1728-4D6A-BF7E-C11521952784}.DebugDEV|x86.Build.0 = Debug|x86
		{A2C5F9C2-1728-4D6A-BF7E-C11521952784}.DebugLRN|Any CPU.ActiveCfg = Release|x64
		{A2C5F9C2-1728-4D6A-BF7E-C11521952784}.DebugLRN|Any CPU.Build.0 = Release|x64
		{A2C5F9C2-1728-4D6A-BF7E-C11521952784}.DebugLRN|Any CPU.Deploy.0 = Release|x64
		{A2C5F9C2-1728-4D6A-BF7E-C11521952784}.DebugLRN|ARM.ActiveCfg = Debug|ARM
		{A2C5F9C2-1728-4D6A-BF7E-C11521952784}.DebugLRN|ARM.Build.0 = Debug|ARM
		{A2C5F9C2-1728-4D6A-BF7E-C11521952784}.DebugLRN|ARM.Deploy.0 = Debug|ARM
		{A2C5F9C2-1728-4D6A-BF7E-C11521952784}.DebugLRN|ARM64.ActiveCfg = Release|x64
		{A2C5F9C2-1728-4D6A-BF7E-C11521952784}.DebugLRN|ARM64.Build.0 = Release|x64
		{A2C5F9C2-1728-4D6A-BF7E-C11521952784}.DebugLRN|ARM64.Deploy.0 = Release|x64
		{A2C5F9C2-1728-4D6A-BF7E-C11521952784}.DebugLRN|x64.ActiveCfg = Debug|x64
		{A2C5F9C2-1728-4D6A-BF7E-C11521952784}.DebugLRN|x64.Build.0 = Debug|x64
		{A2C5F9C2-1728-4D6A-BF7E-C11521952784}.DebugLRN|x64.Deploy.0 = Debug|x64
		{A2C5F9C2-1728-4D6A-BF7E-C11521952784}.DebugLRN|x86.ActiveCfg = Debug|x86
		{A2C5F9C2-1728-4D6A-BF7E-C11521952784}.DebugLRN|x86.Build.0 = Debug|x86
		{A2C5F9C2-1728-4D6A-BF7E-C11521952784}.DebugLRN|x86.Deploy.0 = Debug|x86
		{A2C5F9C2-1728-4D6A-BF7E-C11521952784}.DebugProdukcja|Any CPU.ActiveCfg = Release|x64
		{A2C5F9C2-1728-4D6A-BF7E-C11521952784}.DebugProdukcja|Any CPU.Build.0 = Release|x64
		{A2C5F9C2-1728-4D6A-BF7E-C11521952784}.DebugProdukcja|Any CPU.Deploy.0 = Release|x64
		{A2C5F9C2-1728-4D6A-BF7E-C11521952784}.DebugProdukcja|ARM.ActiveCfg = Debug|ARM
		{A2C5F9C2-1728-4D6A-BF7E-C11521952784}.DebugProdukcja|ARM.Build.0 = Debug|ARM
		{A2C5F9C2-1728-4D6A-BF7E-C11521952784}.DebugProdukcja|ARM.Deploy.0 = Debug|ARM
		{A2C5F9C2-1728-4D6A-BF7E-C11521952784}.DebugProdukcja|ARM64.ActiveCfg = Release|x64
		{A2C5F9C2-1728-4D6A-BF7E-C11521952784}.DebugProdukcja|ARM64.Build.0 = Release|x64
		{A2C5F9C2-1728-4D6A-BF7E-C11521952784}.DebugProdukcja|ARM64.Deploy.0 = Release|x64
		{A2C5F9C2-1728-4D6A-BF7E-C11521952784}.DebugProdukcja|x64.ActiveCfg = Debug|x64
		{A2C5F9C2-1728-4D6A-BF7E-C11521952784}.DebugProdukcja|x64.Build.0 = Debug|x64
		{A2C5F9C2-1728-4D6A-BF7E-C11521952784}.DebugProdukcja|x64.Deploy.0 = Debug|x64
		{A2C5F9C2-1728-4D6A-BF7E-C11521952784}.DebugProdukcja|x86.ActiveCfg = Debug|x86
		{A2C5F9C2-1728-4D6A-BF7E-C11521952784}.DebugProdukcja|x86.Build.0 = Debug|x86
		{A2C5F9C2-1728-4D6A-BF7E-C11521952784}.DebugProdukcja|x86.Deploy.0 = Debug|x86
		{A2C5F9C2-1728-4D6A-BF7E-C11521952784}.Debug-Vis|Any CPU.ActiveCfg = Release|x64
		{A2C5F9C2-1728-4D6A-BF7E-C11521952784}.Debug-Vis|Any CPU.Build.0 = Release|x64
		{A2C5F9C2-1728-4D6A-BF7E-C11521952784}.Debug-Vis|Any CPU.Deploy.0 = Release|x64
		{A2C5F9C2-1728-4D6A-BF7E-C11521952784}.Debug-Vis|ARM.ActiveCfg = Debug|ARM
		{A2C5F9C2-1728-4D6A-BF7E-C11521952784}.Debug-Vis|ARM.Build.0 = Debug|ARM
		{A2C5F9C2-1728-4D6A-BF7E-C11521952784}.Debug-Vis|ARM.Deploy.0 = Debug|ARM
		{A2C5F9C2-1728-4D6A-BF7E-C11521952784}.Debug-Vis|ARM64.ActiveCfg = Release|x64
		{A2C5F9C2-1728-4D6A-BF7E-C11521952784}.Debug-Vis|ARM64.Build.0 = Release|x64
		{A2C5F9C2-1728-4D6A-BF7E-C11521952784}.Debug-Vis|ARM64.Deploy.0 = Release|x64
		{A2C5F9C2-1728-4D6A-BF7E-C11521952784}.Debug-Vis|x64.ActiveCfg = Debug|x64
		{A2C5F9C2-1728-4D6A-BF7E-C11521952784}.Debug-Vis|x64.Build.0 = Debug|x64
		{A2C5F9C2-1728-4D6A-BF7E-C11521952784}.Debug-Vis|x64.Deploy.0 = Debug|x64
		{A2C5F9C2-1728-4D6A-BF7E-C11521952784}.Debug-Vis|x86.ActiveCfg = Debug|x86
		{A2C5F9C2-1728-4D6A-BF7E-C11521952784}.Debug-Vis|x86.Build.0 = Debug|x86
		{A2C5F9C2-1728-4D6A-BF7E-C11521952784}.Debug-Vis|x86.Deploy.0 = Debug|x86
		{A2C5F9C2-1728-4D6A-BF7E-C11521952784}.Learn|Any CPU.ActiveCfg = Release|x64
		{A2C5F9C2-1728-4D6A-BF7E-C11521952784}.Learn|Any CPU.Build.0 = Release|x64
		{A2C5F9C2-1728-4D6A-BF7E-C11521952784}.Learn|Any CPU.Deploy.0 = Release|x64
		{A2C5F9C2-1728-4D6A-BF7E-C11521952784}.Learn|ARM.ActiveCfg = Release|ARM
		{A2C5F9C2-1728-4D6A-BF7E-C11521952784}.Learn|ARM.Build.0 = Release|ARM
		{A2C5F9C2-1728-4D6A-BF7E-C11521952784}.Learn|ARM.Deploy.0 = Release|ARM
		{A2C5F9C2-1728-4D6A-BF7E-C11521952784}.Learn|ARM64.ActiveCfg = Release|x64
		{A2C5F9C2-1728-4D6A-BF7E-C11521952784}.Learn|ARM64.Build.0 = Release|x64
		{A2C5F9C2-1728-4D6A-BF7E-C11521952784}.Learn|ARM64.Deploy.0 = Release|x64
		{A2C5F9C2-1728-4D6A-BF7E-C11521952784}.Learn|x64.ActiveCfg = Release|x64
		{A2C5F9C2-1728-4D6A-BF7E-C11521952784}.Learn|x64.Build.0 = Release|x64
		{A2C5F9C2-1728-4D6A-BF7E-C11521952784}.Learn|x64.Deploy.0 = Release|x64
		{A2C5F9C2-1728-4D6A-BF7E-C11521952784}.Learn|x86.ActiveCfg = Release|x86
		{A2C5F9C2-1728-4D6A-BF7E-C11521952784}.Learn|x86.Build.0 = Release|x86
		{A2C5F9C2-1728-4D6A-BF7E-C11521952784}.Learn|x86.Deploy.0 = Release|x86
		{A2C5F9C2-1728-4D6A-BF7E-C11521952784}.LearnDebug|Any CPU.ActiveCfg = Release|x64
		{A2C5F9C2-1728-4D6A-BF7E-C11521952784}.LearnDebug|Any CPU.Build.0 = Release|x64
		{A2C5F9C2-1728-4D6A-BF7E-C11521952784}.LearnDebug|Any CPU.Deploy.0 = Release|x64
		{A2C5F9C2-1728-4D6A-BF7E-C11521952784}.LearnDebug|ARM.ActiveCfg = Debug|ARM
		{A2C5F9C2-1728-4D6A-BF7E-C11521952784}.LearnDebug|ARM.Build.0 = Debug|ARM
		{A2C5F9C2-1728-4D6A-BF7E-C11521952784}.LearnDebug|ARM.Deploy.0 = Debug|ARM
		{A2C5F9C2-1728-4D6A-BF7E-C11521952784}.LearnDebug|ARM64.ActiveCfg = Release|x64
		{A2C5F9C2-1728-4D6A-BF7E-C11521952784}.LearnDebug|ARM64.Build.0 = Release|x64
		{A2C5F9C2-1728-4D6A-BF7E-C11521952784}.LearnDebug|ARM64.Deploy.0 = Release|x64
		{A2C5F9C2-1728-4D6A-BF7E-C11521952784}.LearnDebug|x64.ActiveCfg = Debug|x64
		{A2C5F9C2-1728-4D6A-BF7E-C11521952784}.LearnDebug|x64.Build.0 = Debug|x64
		{A2C5F9C2-1728-4D6A-BF7E-C11521952784}.LearnDebug|x64.Deploy.0 = Debug|x64
		{A2C5F9C2-1728-4D6A-BF7E-C11521952784}.LearnDebug|x86.ActiveCfg = Debug|x86
		{A2C5F9C2-1728-4D6A-BF7E-C11521952784}.LearnDebug|x86.Build.0 = Debug|x86
		{A2C5F9C2-1728-4D6A-BF7E-C11521952784}.LearnDebug|x86.Deploy.0 = Debug|x86
		{A2C5F9C2-1728-4D6A-BF7E-C11521952784}.Produkcja|Any CPU.ActiveCfg = Release|x64
		{A2C5F9C2-1728-4D6A-BF7E-C11521952784}.Produkcja|Any CPU.Build.0 = Release|x64
		{A2C5F9C2-1728-4D6A-BF7E-C11521952784}.Produkcja|Any CPU.Deploy.0 = Release|x64
		{A2C5F9C2-1728-4D6A-BF7E-C11521952784}.Produkcja|ARM.ActiveCfg = Release|ARM
		{A2C5F9C2-1728-4D6A-BF7E-C11521952784}.Produkcja|ARM.Build.0 = Release|ARM
		{A2C5F9C2-1728-4D6A-BF7E-C11521952784}.Produkcja|ARM.Deploy.0 = Release|ARM
		{A2C5F9C2-1728-4D6A-BF7E-C11521952784}.Produkcja|ARM64.ActiveCfg = Release|x64
		{A2C5F9C2-1728-4D6A-BF7E-C11521952784}.Produkcja|ARM64.Build.0 = Release|x64
		{A2C5F9C2-1728-4D6A-BF7E-C11521952784}.Produkcja|ARM64.Deploy.0 = Release|x64
		{A2C5F9C2-1728-4D6A-BF7E-C11521952784}.Produkcja|x64.ActiveCfg = Release|x64
		{A2C5F9C2-1728-4D6A-BF7E-C11521952784}.Produkcja|x64.Build.0 = Release|x64
		{A2C5F9C2-1728-4D6A-BF7E-C11521952784}.Produkcja|x64.Deploy.0 = Release|x64
		{A2C5F9C2-1728-4D6A-BF7E-C11521952784}.Produkcja|x86.ActiveCfg = Release|x86
		{A2C5F9C2-1728-4D6A-BF7E-C11521952784}.Produkcja|x86.Build.0 = Release|x86
		{A2C5F9C2-1728-4D6A-BF7E-C11521952784}.Produkcja|x86.Deploy.0 = Release|x86
		{A2C5F9C2-1728-4D6A-BF7E-C11521952784}.Release|Any CPU.ActiveCfg = Release|x86
		{A2C5F9C2-1728-4D6A-BF7E-C11521952784}.Release|ARM.ActiveCfg = Release|ARM
		{A2C5F9C2-1728-4D6A-BF7E-C11521952784}.Release|ARM.Build.0 = Release|ARM
		{A2C5F9C2-1728-4D6A-BF7E-C11521952784}.Release|ARM.Deploy.0 = Release|ARM
		{A2C5F9C2-1728-4D6A-BF7E-C11521952784}.Release|ARM64.ActiveCfg = Release|x86
		{A2C5F9C2-1728-4D6A-BF7E-C11521952784}.Release|x64.ActiveCfg = Release|x64
		{A2C5F9C2-1728-4D6A-BF7E-C11521952784}.Release|x64.Build.0 = Release|x64
		{A2C5F9C2-1728-4D6A-BF7E-C11521952784}.Release|x64.Deploy.0 = Release|x64
		{A2C5F9C2-1728-4D6A-BF7E-C11521952784}.Release|x86.ActiveCfg = Release|x86
		{A2C5F9C2-1728-4D6A-BF7E-C11521952784}.Release|x86.Build.0 = Release|x86
		{A2C5F9C2-1728-4D6A-BF7E-C11521952784}.Release|x86.Deploy.0 = Release|x86
		{F1BF2111-29CE-4515-811F-A43FAF677349}.Debug|Any CPU.ActiveCfg = Debug|Any CPU
		{F1BF2111-29CE-4515-811F-A43FAF677349}.Debug|Any CPU.Build.0 = Debug|Any CPU
		{F1BF2111-29CE-4515-811F-A43FAF677349}.Debug|ARM.ActiveCfg = Debug|Any CPU
		{F1BF2111-29CE-4515-811F-A43FAF677349}.Debug|ARM.Build.0 = Debug|Any CPU
		{F1BF2111-29CE-4515-811F-A43FAF677349}.Debug|ARM64.ActiveCfg = Debug|Any CPU
		{F1BF2111-29CE-4515-811F-A43FAF677349}.Debug|ARM64.Build.0 = Debug|Any CPU
		{F1BF2111-29CE-4515-811F-A43FAF677349}.Debug|x64.ActiveCfg = Debug|Any CPU
		{F1BF2111-29CE-4515-811F-A43FAF677349}.Debug|x64.Build.0 = Debug|Any CPU
		{F1BF2111-29CE-4515-811F-A43FAF677349}.Debug|x86.ActiveCfg = Debug|Any CPU
		{F1BF2111-29CE-4515-811F-A43FAF677349}.Debug|x86.Build.0 = Debug|Any CPU
		{F1BF2111-29CE-4515-811F-A43FAF677349}.DebugDEV|Any CPU.ActiveCfg = Debug|Any CPU
		{F1BF2111-29CE-4515-811F-A43FAF677349}.DebugDEV|Any CPU.Build.0 = Debug|Any CPU
		{F1BF2111-29CE-4515-811F-A43FAF677349}.DebugDEV|ARM.ActiveCfg = Debug|Any CPU
		{F1BF2111-29CE-4515-811F-A43FAF677349}.DebugDEV|ARM.Build.0 = Debug|Any CPU
		{F1BF2111-29CE-4515-811F-A43FAF677349}.DebugDEV|ARM64.ActiveCfg = Debug|Any CPU
		{F1BF2111-29CE-4515-811F-A43FAF677349}.DebugDEV|ARM64.Build.0 = Debug|Any CPU
		{F1BF2111-29CE-4515-811F-A43FAF677349}.DebugDEV|x64.ActiveCfg = Debug|Any CPU
		{F1BF2111-29CE-4515-811F-A43FAF677349}.DebugDEV|x64.Build.0 = Debug|Any CPU
		{F1BF2111-29CE-4515-811F-A43FAF677349}.DebugDEV|x86.ActiveCfg = Debug|Any CPU
		{F1BF2111-29CE-4515-811F-A43FAF677349}.DebugDEV|x86.Build.0 = Debug|Any CPU
		{F1BF2111-29CE-4515-811F-A43FAF677349}.DebugLRN|Any CPU.ActiveCfg = Debug|Any CPU
		{F1BF2111-29CE-4515-811F-A43FAF677349}.DebugLRN|Any CPU.Build.0 = Debug|Any CPU
		{F1BF2111-29CE-4515-811F-A43FAF677349}.DebugLRN|ARM.ActiveCfg = Debug|Any CPU
		{F1BF2111-29CE-4515-811F-A43FAF677349}.DebugLRN|ARM.Build.0 = Debug|Any CPU
		{F1BF2111-29CE-4515-811F-A43FAF677349}.DebugLRN|ARM64.ActiveCfg = Debug|Any CPU
		{F1BF2111-29CE-4515-811F-A43FAF677349}.DebugLRN|ARM64.Build.0 = Debug|Any CPU
		{F1BF2111-29CE-4515-811F-A43FAF677349}.DebugLRN|x64.ActiveCfg = Debug|Any CPU
		{F1BF2111-29CE-4515-811F-A43FAF677349}.DebugLRN|x64.Build.0 = Debug|Any CPU
		{F1BF2111-29CE-4515-811F-A43FAF677349}.DebugLRN|x86.ActiveCfg = Debug|Any CPU
		{F1BF2111-29CE-4515-811F-A43FAF677349}.DebugLRN|x86.Build.0 = Debug|Any CPU
		{F1BF2111-29CE-4515-811F-A43FAF677349}.DebugProdukcja|Any CPU.ActiveCfg = Debug|Any CPU
		{F1BF2111-29CE-4515-811F-A43FAF677349}.DebugProdukcja|Any CPU.Build.0 = Debug|Any CPU
		{F1BF2111-29CE-4515-811F-A43FAF677349}.DebugProdukcja|ARM.ActiveCfg = Debug|Any CPU
		{F1BF2111-29CE-4515-811F-A43FAF677349}.DebugProdukcja|ARM.Build.0 = Debug|Any CPU
		{F1BF2111-29CE-4515-811F-A43FAF677349}.DebugProdukcja|ARM64.ActiveCfg = Debug|Any CPU
		{F1BF2111-29CE-4515-811F-A43FAF677349}.DebugProdukcja|ARM64.Build.0 = Debug|Any CPU
		{F1BF2111-29CE-4515-811F-A43FAF677349}.DebugProdukcja|x64.ActiveCfg = Debug|Any CPU
		{F1BF2111-29CE-4515-811F-A43FAF677349}.DebugProdukcja|x64.Build.0 = Debug|Any CPU
		{F1BF2111-29CE-4515-811F-A43FAF677349}.DebugProdukcja|x86.ActiveCfg = Debug|Any CPU
		{F1BF2111-29CE-4515-811F-A43FAF677349}.DebugProdukcja|x86.Build.0 = Debug|Any CPU
		{F1BF2111-29CE-4515-811F-A43FAF677349}.Debug-Vis|Any CPU.ActiveCfg = Debug|Any CPU
		{F1BF2111-29CE-4515-811F-A43FAF677349}.Debug-Vis|Any CPU.Build.0 = Debug|Any CPU
		{F1BF2111-29CE-4515-811F-A43FAF677349}.Debug-Vis|ARM.ActiveCfg = Debug|Any CPU
		{F1BF2111-29CE-4515-811F-A43FAF677349}.Debug-Vis|ARM.Build.0 = Debug|Any CPU
		{F1BF2111-29CE-4515-811F-A43FAF677349}.Debug-Vis|ARM64.ActiveCfg = Debug|Any CPU
		{F1BF2111-29CE-4515-811F-A43FAF677349}.Debug-Vis|ARM64.Build.0 = Debug|Any CPU
		{F1BF2111-29CE-4515-811F-A43FAF677349}.Debug-Vis|x64.ActiveCfg = Debug|Any CPU
		{F1BF2111-29CE-4515-811F-A43FAF677349}.Debug-Vis|x64.Build.0 = Debug|Any CPU
		{F1BF2111-29CE-4515-811F-A43FAF677349}.Debug-Vis|x86.ActiveCfg = Debug|Any CPU
		{F1BF2111-29CE-4515-811F-A43FAF677349}.Debug-Vis|x86.Build.0 = Debug|Any CPU
		{F1BF2111-29CE-4515-811F-A43FAF677349}.Learn|Any CPU.ActiveCfg = Debug|Any CPU
		{F1BF2111-29CE-4515-811F-A43FAF677349}.Learn|Any CPU.Build.0 = Debug|Any CPU
		{F1BF2111-29CE-4515-811F-A43FAF677349}.Learn|ARM.ActiveCfg = Debug|Any CPU
		{F1BF2111-29CE-4515-811F-A43FAF677349}.Learn|ARM.Build.0 = Debug|Any CPU
		{F1BF2111-29CE-4515-811F-A43FAF677349}.Learn|ARM64.ActiveCfg = Debug|Any CPU
		{F1BF2111-29CE-4515-811F-A43FAF677349}.Learn|ARM64.Build.0 = Debug|Any CPU
		{F1BF2111-29CE-4515-811F-A43FAF677349}.Learn|x64.ActiveCfg = Debug|Any CPU
		{F1BF2111-29CE-4515-811F-A43FAF677349}.Learn|x64.Build.0 = Debug|Any CPU
		{F1BF2111-29CE-4515-811F-A43FAF677349}.Learn|x86.ActiveCfg = Debug|Any CPU
		{F1BF2111-29CE-4515-811F-A43FAF677349}.Learn|x86.Build.0 = Debug|Any CPU
		{F1BF2111-29CE-4515-811F-A43FAF677349}.LearnDebug|Any CPU.ActiveCfg = Debug|Any CPU
		{F1BF2111-29CE-4515-811F-A43FAF677349}.LearnDebug|Any CPU.Build.0 = Debug|Any CPU
		{F1BF2111-29CE-4515-811F-A43FAF677349}.LearnDebug|ARM.ActiveCfg = Debug|Any CPU
		{F1BF2111-29CE-4515-811F-A43FAF677349}.LearnDebug|ARM.Build.0 = Debug|Any CPU
		{F1BF2111-29CE-4515-811F-A43FAF677349}.LearnDebug|ARM64.ActiveCfg = Debug|Any CPU
		{F1BF2111-29CE-4515-811F-A43FAF677349}.LearnDebug|ARM64.Build.0 = Debug|Any CPU
		{F1BF2111-29CE-4515-811F-A43FAF677349}.LearnDebug|x64.ActiveCfg = Debug|Any CPU
		{F1BF2111-29CE-4515-811F-A43FAF677349}.LearnDebug|x64.Build.0 = Debug|Any CPU
		{F1BF2111-29CE-4515-811F-A43FAF677349}.LearnDebug|x86.ActiveCfg = Debug|Any CPU
		{F1BF2111-29CE-4515-811F-A43FAF677349}.LearnDebug|x86.Build.0 = Debug|Any CPU
		{F1BF2111-29CE-4515-811F-A43FAF677349}.Produkcja|Any CPU.ActiveCfg = Debug|Any CPU
		{F1BF2111-29CE-4515-811F-A43FAF677349}.Produkcja|Any CPU.Build.0 = Debug|Any CPU
		{F1BF2111-29CE-4515-811F-A43FAF677349}.Produkcja|ARM.ActiveCfg = Debug|Any CPU
		{F1BF2111-29CE-4515-811F-A43FAF677349}.Produkcja|ARM.Build.0 = Debug|Any CPU
		{F1BF2111-29CE-4515-811F-A43FAF677349}.Produkcja|ARM64.ActiveCfg = Debug|Any CPU
		{F1BF2111-29CE-4515-811F-A43FAF677349}.Produkcja|ARM64.Build.0 = Debug|Any CPU
		{F1BF2111-29CE-4515-811F-A43FAF677349}.Produkcja|x64.ActiveCfg = Debug|Any CPU
		{F1BF2111-29CE-4515-811F-A43FAF677349}.Produkcja|x64.Build.0 = Debug|Any CPU
		{F1BF2111-29CE-4515-811F-A43FAF677349}.Produkcja|x86.ActiveCfg = Debug|Any CPU
		{F1BF2111-29CE-4515-811F-A43FAF677349}.Produkcja|x86.Build.0 = Debug|Any CPU
		{F1BF2111-29CE-4515-811F-A43FAF677349}.Release|Any CPU.ActiveCfg = Release|Any CPU
		{F1BF2111-29CE-4515-811F-A43FAF677349}.Release|Any CPU.Build.0 = Release|Any CPU
		{F1BF2111-29CE-4515-811F-A43FAF677349}.Release|ARM.ActiveCfg = Release|Any CPU
		{F1BF2111-29CE-4515-811F-A43FAF677349}.Release|ARM.Build.0 = Release|Any CPU
		{F1BF2111-29CE-4515-811F-A43FAF677349}.Release|ARM64.ActiveCfg = Release|Any CPU
		{F1BF2111-29CE-4515-811F-A43FAF677349}.Release|ARM64.Build.0 = Release|Any CPU
		{F1BF2111-29CE-4515-811F-A43FAF677349}.Release|x64.ActiveCfg = Release|Any CPU
		{F1BF2111-29CE-4515-811F-A43FAF677349}.Release|x64.Build.0 = Release|Any CPU
		{F1BF2111-29CE-4515-811F-A43FAF677349}.Release|x86.ActiveCfg = Release|Any CPU
		{F1BF2111-29CE-4515-811F-A43FAF677349}.Release|x86.Build.0 = Release|Any CPU
		{72C38C0A-6EA3-465B-B6AF-5C1776A7047A}.Debug|Any CPU.ActiveCfg = Debug
		{72C38C0A-6EA3-465B-B6AF-5C1776A7047A}.Debug|ARM.ActiveCfg = Debug
		{72C38C0A-6EA3-465B-B6AF-5C1776A7047A}.Debug|ARM64.ActiveCfg = Debug
		{72C38C0A-6EA3-465B-B6AF-5C1776A7047A}.Debug|x64.ActiveCfg = Debug
		{72C38C0A-6EA3-465B-B6AF-5C1776A7047A}.Debug|x86.ActiveCfg = Debug
		{72C38C0A-6EA3-465B-B6AF-5C1776A7047A}.DebugDEV|Any CPU.ActiveCfg = Debug
		{72C38C0A-6EA3-465B-B6AF-5C1776A7047A}.DebugDEV|ARM.ActiveCfg = Debug
		{72C38C0A-6EA3-465B-B6AF-5C1776A7047A}.DebugDEV|ARM64.ActiveCfg = Debug
		{72C38C0A-6EA3-465B-B6AF-5C1776A7047A}.DebugDEV|x64.ActiveCfg = Debug
		{72C38C0A-6EA3-465B-B6AF-5C1776A7047A}.DebugDEV|x86.ActiveCfg = Debug
		{72C38C0A-6EA3-465B-B6AF-5C1776A7047A}.DebugLRN|Any CPU.ActiveCfg = Debug
		{72C38C0A-6EA3-465B-B6AF-5C1776A7047A}.DebugLRN|ARM.ActiveCfg = Debug
		{72C38C0A-6EA3-465B-B6AF-5C1776A7047A}.DebugLRN|ARM64.ActiveCfg = Debug
		{72C38C0A-6EA3-465B-B6AF-5C1776A7047A}.DebugLRN|x64.ActiveCfg = Debug
		{72C38C0A-6EA3-465B-B6AF-5C1776A7047A}.DebugLRN|x86.ActiveCfg = Debug
		{72C38C0A-6EA3-465B-B6AF-5C1776A7047A}.DebugProdukcja|Any CPU.ActiveCfg = Debug
		{72C38C0A-6EA3-465B-B6AF-5C1776A7047A}.DebugProdukcja|ARM.ActiveCfg = Debug
		{72C38C0A-6EA3-465B-B6AF-5C1776A7047A}.DebugProdukcja|ARM64.ActiveCfg = Debug
		{72C38C0A-6EA3-465B-B6AF-5C1776A7047A}.DebugProdukcja|x64.ActiveCfg = Debug
		{72C38C0A-6EA3-465B-B6AF-5C1776A7047A}.DebugProdukcja|x86.ActiveCfg = Debug
		{72C38C0A-6EA3-465B-B6AF-5C1776A7047A}.Debug-Vis|Any CPU.ActiveCfg = Debug
		{72C38C0A-6EA3-465B-B6AF-5C1776A7047A}.Debug-Vis|ARM.ActiveCfg = Debug
		{72C38C0A-6EA3-465B-B6AF-5C1776A7047A}.Debug-Vis|ARM64.ActiveCfg = Debug
		{72C38C0A-6EA3-465B-B6AF-5C1776A7047A}.Debug-Vis|x64.ActiveCfg = Debug
		{72C38C0A-6EA3-465B-B6AF-5C1776A7047A}.Debug-Vis|x86.ActiveCfg = Debug
		{72C38C0A-6EA3-465B-B6AF-5C1776A7047A}.Learn|Any CPU.ActiveCfg = Release
		{72C38C0A-6EA3-465B-B6AF-5C1776A7047A}.Learn|ARM.ActiveCfg = Release
		{72C38C0A-6EA3-465B-B6AF-5C1776A7047A}.Learn|ARM64.ActiveCfg = Release
		{72C38C0A-6EA3-465B-B6AF-5C1776A7047A}.Learn|x64.ActiveCfg = Release
		{72C38C0A-6EA3-465B-B6AF-5C1776A7047A}.Learn|x86.ActiveCfg = Release
		{72C38C0A-6EA3-465B-B6AF-5C1776A7047A}.LearnDebug|Any CPU.ActiveCfg = Debug
		{72C38C0A-6EA3-465B-B6AF-5C1776A7047A}.LearnDebug|ARM.ActiveCfg = Debug
		{72C38C0A-6EA3-465B-B6AF-5C1776A7047A}.LearnDebug|ARM64.ActiveCfg = Debug
		{72C38C0A-6EA3-465B-B6AF-5C1776A7047A}.LearnDebug|x64.ActiveCfg = Debug
		{72C38C0A-6EA3-465B-B6AF-5C1776A7047A}.LearnDebug|x86.ActiveCfg = Debug
		{72C38C0A-6EA3-465B-B6AF-5C1776A7047A}.Produkcja|Any CPU.ActiveCfg = Release
		{72C38C0A-6EA3-465B-B6AF-5C1776A7047A}.Produkcja|ARM.ActiveCfg = Release
		{72C38C0A-6EA3-465B-B6AF-5C1776A7047A}.Produkcja|ARM64.ActiveCfg = Release
		{72C38C0A-6EA3-465B-B6AF-5C1776A7047A}.Produkcja|x64.ActiveCfg = Release
		{72C38C0A-6EA3-465B-B6AF-5C1776A7047A}.Produkcja|x86.ActiveCfg = Release
		{72C38C0A-6EA3-465B-B6AF-5C1776A7047A}.Release|Any CPU.ActiveCfg = Release
		{72C38C0A-6EA3-465B-B6AF-5C1776A7047A}.Release|ARM.ActiveCfg = Release
		{72C38C0A-6EA3-465B-B6AF-5C1776A7047A}.Release|ARM64.ActiveCfg = Release
		{72C38C0A-6EA3-465B-B6AF-5C1776A7047A}.Release|x64.ActiveCfg = Release
		{72C38C0A-6EA3-465B-B6AF-5C1776A7047A}.Release|x86.ActiveCfg = Release
		{C9F25B18-9796-4D93-B43F-968C5C62221C}.Debug|Any CPU.ActiveCfg = Debug|Any CPU
		{C9F25B18-9796-4D93-B43F-968C5C62221C}.Debug|Any CPU.Build.0 = Debug|Any CPU
		{C9F25B18-9796-4D93-B43F-968C5C62221C}.Debug|ARM.ActiveCfg = Debug|Any CPU
		{C9F25B18-9796-4D93-B43F-968C5C62221C}.Debug|ARM.Build.0 = Debug|Any CPU
		{C9F25B18-9796-4D93-B43F-968C5C62221C}.Debug|ARM64.ActiveCfg = Debug|Any CPU
		{C9F25B18-9796-4D93-B43F-968C5C62221C}.Debug|ARM64.Build.0 = Debug|Any CPU
		{C9F25B18-9796-4D93-B43F-968C5C62221C}.Debug|x64.ActiveCfg = Debug|Any CPU
		{C9F25B18-9796-4D93-B43F-968C5C62221C}.Debug|x64.Build.0 = Debug|Any CPU
		{C9F25B18-9796-4D93-B43F-968C5C62221C}.Debug|x86.ActiveCfg = Debug|Any CPU
		{C9F25B18-9796-4D93-B43F-968C5C62221C}.Debug|x86.Build.0 = Debug|Any CPU
		{C9F25B18-9796-4D93-B43F-968C5C62221C}.DebugDEV|Any CPU.ActiveCfg = Debug|Any CPU
		{C9F25B18-9796-4D93-B43F-968C5C62221C}.DebugDEV|Any CPU.Build.0 = Debug|Any CPU
		{C9F25B18-9796-4D93-B43F-968C5C62221C}.DebugDEV|ARM.ActiveCfg = Debug|Any CPU
		{C9F25B18-9796-4D93-B43F-968C5C62221C}.DebugDEV|ARM.Build.0 = Debug|Any CPU
		{C9F25B18-9796-4D93-B43F-968C5C62221C}.DebugDEV|ARM64.ActiveCfg = Debug|Any CPU
		{C9F25B18-9796-4D93-B43F-968C5C62221C}.DebugDEV|ARM64.Build.0 = Debug|Any CPU
		{C9F25B18-9796-4D93-B43F-968C5C62221C}.DebugDEV|x64.ActiveCfg = Debug|Any CPU
		{C9F25B18-9796-4D93-B43F-968C5C62221C}.DebugDEV|x64.Build.0 = Debug|Any CPU
		{C9F25B18-9796-4D93-B43F-968C5C62221C}.DebugDEV|x86.ActiveCfg = Debug|Any CPU
		{C9F25B18-9796-4D93-B43F-968C5C62221C}.DebugDEV|x86.Build.0 = Debug|Any CPU
		{C9F25B18-9796-4D93-B43F-968C5C62221C}.DebugLRN|Any CPU.ActiveCfg = Debug|Any CPU
		{C9F25B18-9796-4D93-B43F-968C5C62221C}.DebugLRN|Any CPU.Build.0 = Debug|Any CPU
		{C9F25B18-9796-4D93-B43F-968C5C62221C}.DebugLRN|ARM.ActiveCfg = Debug|Any CPU
		{C9F25B18-9796-4D93-B43F-968C5C62221C}.DebugLRN|ARM.Build.0 = Debug|Any CPU
		{C9F25B18-9796-4D93-B43F-968C5C62221C}.DebugLRN|ARM64.ActiveCfg = Debug|Any CPU
		{C9F25B18-9796-4D93-B43F-968C5C62221C}.DebugLRN|ARM64.Build.0 = Debug|Any CPU
		{C9F25B18-9796-4D93-B43F-968C5C62221C}.DebugLRN|x64.ActiveCfg = Debug|Any CPU
		{C9F25B18-9796-4D93-B43F-968C5C62221C}.DebugLRN|x64.Build.0 = Debug|Any CPU
		{C9F25B18-9796-4D93-B43F-968C5C62221C}.DebugLRN|x86.ActiveCfg = Debug|Any CPU
		{C9F25B18-9796-4D93-B43F-968C5C62221C}.DebugLRN|x86.Build.0 = Debug|Any CPU
		{C9F25B18-9796-4D93-B43F-968C5C62221C}.DebugProdukcja|Any CPU.ActiveCfg = Debug|Any CPU
		{C9F25B18-9796-4D93-B43F-968C5C62221C}.DebugProdukcja|Any CPU.Build.0 = Debug|Any CPU
		{C9F25B18-9796-4D93-B43F-968C5C62221C}.DebugProdukcja|ARM.ActiveCfg = Debug|Any CPU
		{C9F25B18-9796-4D93-B43F-968C5C62221C}.DebugProdukcja|ARM.Build.0 = Debug|Any CPU
		{C9F25B18-9796-4D93-B43F-968C5C62221C}.DebugProdukcja|ARM64.ActiveCfg = Debug|Any CPU
		{C9F25B18-9796-4D93-B43F-968C5C62221C}.DebugProdukcja|ARM64.Build.0 = Debug|Any CPU
		{C9F25B18-9796-4D93-B43F-968C5C62221C}.DebugProdukcja|x64.ActiveCfg = Debug|Any CPU
		{C9F25B18-9796-4D93-B43F-968C5C62221C}.DebugProdukcja|x64.Build.0 = Debug|Any CPU
		{C9F25B18-9796-4D93-B43F-968C5C62221C}.DebugProdukcja|x86.ActiveCfg = Debug|Any CPU
		{C9F25B18-9796-4D93-B43F-968C5C62221C}.DebugProdukcja|x86.Build.0 = Debug|Any CPU
		{C9F25B18-9796-4D93-B43F-968C5C62221C}.Debug-Vis|Any CPU.ActiveCfg = Debug|Any CPU
		{C9F25B18-9796-4D93-B43F-968C5C62221C}.Debug-Vis|Any CPU.Build.0 = Debug|Any CPU
		{C9F25B18-9796-4D93-B43F-968C5C62221C}.Debug-Vis|ARM.ActiveCfg = Debug|Any CPU
		{C9F25B18-9796-4D93-B43F-968C5C62221C}.Debug-Vis|ARM.Build.0 = Debug|Any CPU
		{C9F25B18-9796-4D93-B43F-968C5C62221C}.Debug-Vis|ARM64.ActiveCfg = Debug|Any CPU
		{C9F25B18-9796-4D93-B43F-968C5C62221C}.Debug-Vis|ARM64.Build.0 = Debug|Any CPU
		{C9F25B18-9796-4D93-B43F-968C5C62221C}.Debug-Vis|x64.ActiveCfg = Debug|Any CPU
		{C9F25B18-9796-4D93-B43F-968C5C62221C}.Debug-Vis|x64.Build.0 = Debug|Any CPU
		{C9F25B18-9796-4D93-B43F-968C5C62221C}.Debug-Vis|x86.ActiveCfg = Debug|Any CPU
		{C9F25B18-9796-4D93-B43F-968C5C62221C}.Debug-Vis|x86.Build.0 = Debug|Any CPU
		{C9F25B18-9796-4D93-B43F-968C5C62221C}.Learn|Any CPU.ActiveCfg = Release|Any CPU
		{C9F25B18-9796-4D93-B43F-968C5C62221C}.Learn|Any CPU.Build.0 = Release|Any CPU
		{C9F25B18-9796-4D93-B43F-968C5C62221C}.Learn|ARM.ActiveCfg = Release|Any CPU
		{C9F25B18-9796-4D93-B43F-968C5C62221C}.Learn|ARM.Build.0 = Release|Any CPU
		{C9F25B18-9796-4D93-B43F-968C5C62221C}.Learn|ARM64.ActiveCfg = Release|Any CPU
		{C9F25B18-9796-4D93-B43F-968C5C62221C}.Learn|ARM64.Build.0 = Release|Any CPU
		{C9F25B18-9796-4D93-B43F-968C5C62221C}.Learn|x64.ActiveCfg = Release|Any CPU
		{C9F25B18-9796-4D93-B43F-968C5C62221C}.Learn|x64.Build.0 = Release|Any CPU
		{C9F25B18-9796-4D93-B43F-968C5C62221C}.Learn|x86.ActiveCfg = Release|Any CPU
		{C9F25B18-9796-4D93-B43F-968C5C62221C}.Learn|x86.Build.0 = Release|Any CPU
		{C9F25B18-9796-4D93-B43F-968C5C62221C}.LearnDebug|Any CPU.ActiveCfg = Debug|Any CPU
		{C9F25B18-9796-4D93-B43F-968C5C62221C}.LearnDebug|Any CPU.Build.0 = Debug|Any CPU
		{C9F25B18-9796-4D93-B43F-968C5C62221C}.LearnDebug|ARM.ActiveCfg = Debug|Any CPU
		{C9F25B18-9796-4D93-B43F-968C5C62221C}.LearnDebug|ARM.Build.0 = Debug|Any CPU
		{C9F25B18-9796-4D93-B43F-968C5C62221C}.LearnDebug|ARM64.ActiveCfg = Debug|Any CPU
		{C9F25B18-9796-4D93-B43F-968C5C62221C}.LearnDebug|ARM64.Build.0 = Debug|Any CPU
		{C9F25B18-9796-4D93-B43F-968C5C62221C}.LearnDebug|x64.ActiveCfg = Debug|Any CPU
		{C9F25B18-9796-4D93-B43F-968C5C62221C}.LearnDebug|x64.Build.0 = Debug|Any CPU
		{C9F25B18-9796-4D93-B43F-968C5C62221C}.LearnDebug|x86.ActiveCfg = Debug|Any CPU
		{C9F25B18-9796-4D93-B43F-968C5C62221C}.LearnDebug|x86.Build.0 = Debug|Any CPU
		{C9F25B18-9796-4D93-B43F-968C5C62221C}.Produkcja|Any CPU.ActiveCfg = Release|Any CPU
		{C9F25B18-9796-4D93-B43F-968C5C62221C}.Produkcja|Any CPU.Build.0 = Release|Any CPU
		{C9F25B18-9796-4D93-B43F-968C5C62221C}.Produkcja|ARM.ActiveCfg = Release|Any CPU
		{C9F25B18-9796-4D93-B43F-968C5C62221C}.Produkcja|ARM.Build.0 = Release|Any CPU
		{C9F25B18-9796-4D93-B43F-968C5C62221C}.Produkcja|ARM64.ActiveCfg = Release|Any CPU
		{C9F25B18-9796-4D93-B43F-968C5C62221C}.Produkcja|ARM64.Build.0 = Release|Any CPU
		{C9F25B18-9796-4D93-B43F-968C5C62221C}.Produkcja|x64.ActiveCfg = Release|Any CPU
		{C9F25B18-9796-4D93-B43F-968C5C62221C}.Produkcja|x64.Build.0 = Release|Any CPU
		{C9F25B18-9796-4D93-B43F-968C5C62221C}.Produkcja|x86.ActiveCfg = Release|Any CPU
		{C9F25B18-9796-4D93-B43F-968C5C62221C}.Produkcja|x86.Build.0 = Release|Any CPU
		{C9F25B18-9796-4D93-B43F-968C5C62221C}.Release|Any CPU.ActiveCfg = Release|Any CPU
		{C9F25B18-9796-4D93-B43F-968C5C62221C}.Release|Any CPU.Build.0 = Release|Any CPU
		{C9F25B18-9796-4D93-B43F-968C5C62221C}.Release|ARM.ActiveCfg = Release|Any CPU
		{C9F25B18-9796-4D93-B43F-968C5C62221C}.Release|ARM.Build.0 = Release|Any CPU
		{C9F25B18-9796-4D93-B43F-968C5C62221C}.Release|ARM64.ActiveCfg = Release|Any CPU
		{C9F25B18-9796-4D93-B43F-968C5C62221C}.Release|ARM64.Build.0 = Release|Any CPU
		{C9F25B18-9796-4D93-B43F-968C5C62221C}.Release|x64.ActiveCfg = Release|Any CPU
		{C9F25B18-9796-4D93-B43F-968C5C62221C}.Release|x64.Build.0 = Release|Any CPU
		{C9F25B18-9796-4D93-B43F-968C5C62221C}.Release|x86.ActiveCfg = Release|Any CPU
		{C9F25B18-9796-4D93-B43F-968C5C62221C}.Release|x86.Build.0 = Release|Any CPU
		{D484D8A3-D3AD-488F-BD55-1582E73CFA75}.Debug|Any CPU.ActiveCfg = Debug|Any CPU
		{D484D8A3-D3AD-488F-BD55-1582E73CFA75}.Debug|Any CPU.Build.0 = Debug|Any CPU
		{D484D8A3-D3AD-488F-BD55-1582E73CFA75}.Debug|ARM.ActiveCfg = Debug|Any CPU
		{D484D8A3-D3AD-488F-BD55-1582E73CFA75}.Debug|ARM.Build.0 = Debug|Any CPU
		{D484D8A3-D3AD-488F-BD55-1582E73CFA75}.Debug|ARM64.ActiveCfg = Debug|Any CPU
		{D484D8A3-D3AD-488F-BD55-1582E73CFA75}.Debug|ARM64.Build.0 = Debug|Any CPU
		{D484D8A3-D3AD-488F-BD55-1582E73CFA75}.Debug|x64.ActiveCfg = Debug|Any CPU
		{D484D8A3-D3AD-488F-BD55-1582E73CFA75}.Debug|x64.Build.0 = Debug|Any CPU
		{D484D8A3-D3AD-488F-BD55-1582E73CFA75}.Debug|x86.ActiveCfg = Debug|Any CPU
		{D484D8A3-D3AD-488F-BD55-1582E73CFA75}.Debug|x86.Build.0 = Debug|Any CPU
		{D484D8A3-D3AD-488F-BD55-1582E73CFA75}.DebugDEV|Any CPU.ActiveCfg = Debug|Any CPU
		{D484D8A3-D3AD-488F-BD55-1582E73CFA75}.DebugDEV|Any CPU.Build.0 = Debug|Any CPU
		{D484D8A3-D3AD-488F-BD55-1582E73CFA75}.DebugDEV|ARM.ActiveCfg = Debug|Any CPU
		{D484D8A3-D3AD-488F-BD55-1582E73CFA75}.DebugDEV|ARM.Build.0 = Debug|Any CPU
		{D484D8A3-D3AD-488F-BD55-1582E73CFA75}.DebugDEV|ARM64.ActiveCfg = Debug|Any CPU
		{D484D8A3-D3AD-488F-BD55-1582E73CFA75}.DebugDEV|ARM64.Build.0 = Debug|Any CPU
		{D484D8A3-D3AD-488F-BD55-1582E73CFA75}.DebugDEV|x64.ActiveCfg = Debug|Any CPU
		{D484D8A3-D3AD-488F-BD55-1582E73CFA75}.DebugDEV|x64.Build.0 = Debug|Any CPU
		{D484D8A3-D3AD-488F-BD55-1582E73CFA75}.DebugDEV|x86.ActiveCfg = Debug|Any CPU
		{D484D8A3-D3AD-488F-BD55-1582E73CFA75}.DebugDEV|x86.Build.0 = Debug|Any CPU
		{D484D8A3-D3AD-488F-BD55-1582E73CFA75}.DebugLRN|Any CPU.ActiveCfg = Debug|Any CPU
		{D484D8A3-D3AD-488F-BD55-1582E73CFA75}.DebugLRN|Any CPU.Build.0 = Debug|Any CPU
		{D484D8A3-D3AD-488F-BD55-1582E73CFA75}.DebugLRN|ARM.ActiveCfg = Debug|Any CPU
		{D484D8A3-D3AD-488F-BD55-1582E73CFA75}.DebugLRN|ARM.Build.0 = Debug|Any CPU
		{D484D8A3-D3AD-488F-BD55-1582E73CFA75}.DebugLRN|ARM64.ActiveCfg = Debug|Any CPU
		{D484D8A3-D3AD-488F-BD55-1582E73CFA75}.DebugLRN|ARM64.Build.0 = Debug|Any CPU
		{D484D8A3-D3AD-488F-BD55-1582E73CFA75}.DebugLRN|x64.ActiveCfg = Debug|Any CPU
		{D484D8A3-D3AD-488F-BD55-1582E73CFA75}.DebugLRN|x64.Build.0 = Debug|Any CPU
		{D484D8A3-D3AD-488F-BD55-1582E73CFA75}.DebugLRN|x86.ActiveCfg = Debug|Any CPU
		{D484D8A3-D3AD-488F-BD55-1582E73CFA75}.DebugLRN|x86.Build.0 = Debug|Any CPU
		{D484D8A3-D3AD-488F-BD55-1582E73CFA75}.DebugProdukcja|Any CPU.ActiveCfg = Debug|Any CPU
		{D484D8A3-D3AD-488F-BD55-1582E73CFA75}.DebugProdukcja|Any CPU.Build.0 = Debug|Any CPU
		{D484D8A3-D3AD-488F-BD55-1582E73CFA75}.DebugProdukcja|ARM.ActiveCfg = Debug|Any CPU
		{D484D8A3-D3AD-488F-BD55-1582E73CFA75}.DebugProdukcja|ARM.Build.0 = Debug|Any CPU
		{D484D8A3-D3AD-488F-BD55-1582E73CFA75}.DebugProdukcja|ARM64.ActiveCfg = Debug|Any CPU
		{D484D8A3-D3AD-488F-BD55-1582E73CFA75}.DebugProdukcja|ARM64.Build.0 = Debug|Any CPU
		{D484D8A3-D3AD-488F-BD55-1582E73CFA75}.DebugProdukcja|x64.ActiveCfg = Debug|Any CPU
		{D484D8A3-D3AD-488F-BD55-1582E73CFA75}.DebugProdukcja|x64.Build.0 = Debug|Any CPU
		{D484D8A3-D3AD-488F-BD55-1582E73CFA75}.DebugProdukcja|x86.ActiveCfg = Debug|Any CPU
		{D484D8A3-D3AD-488F-BD55-1582E73CFA75}.DebugProdukcja|x86.Build.0 = Debug|Any CPU
		{D484D8A3-D3AD-488F-BD55-1582E73CFA75}.Debug-Vis|Any CPU.ActiveCfg = Debug|Any CPU
		{D484D8A3-D3AD-488F-BD55-1582E73CFA75}.Debug-Vis|Any CPU.Build.0 = Debug|Any CPU
		{D484D8A3-D3AD-488F-BD55-1582E73CFA75}.Debug-Vis|ARM.ActiveCfg = Debug|Any CPU
		{D484D8A3-D3AD-488F-BD55-1582E73CFA75}.Debug-Vis|ARM.Build.0 = Debug|Any CPU
		{D484D8A3-D3AD-488F-BD55-1582E73CFA75}.Debug-Vis|ARM64.ActiveCfg = Debug|Any CPU
		{D484D8A3-D3AD-488F-BD55-1582E73CFA75}.Debug-Vis|ARM64.Build.0 = Debug|Any CPU
		{D484D8A3-D3AD-488F-BD55-1582E73CFA75}.Debug-Vis|x64.ActiveCfg = Debug|Any CPU
		{D484D8A3-D3AD-488F-BD55-1582E73CFA75}.Debug-Vis|x64.Build.0 = Debug|Any CPU
		{D484D8A3-D3AD-488F-BD55-1582E73CFA75}.Debug-Vis|x86.ActiveCfg = Debug|Any CPU
		{D484D8A3-D3AD-488F-BD55-1582E73CFA75}.Debug-Vis|x86.Build.0 = Debug|Any CPU
		{D484D8A3-D3AD-488F-BD55-1582E73CFA75}.Learn|Any CPU.ActiveCfg = Release|Any CPU
		{D484D8A3-D3AD-488F-BD55-1582E73CFA75}.Learn|Any CPU.Build.0 = Release|Any CPU
		{D484D8A3-D3AD-488F-BD55-1582E73CFA75}.Learn|ARM.ActiveCfg = Release|Any CPU
		{D484D8A3-D3AD-488F-BD55-1582E73CFA75}.Learn|ARM.Build.0 = Release|Any CPU
		{D484D8A3-D3AD-488F-BD55-1582E73CFA75}.Learn|ARM64.ActiveCfg = Release|Any CPU
		{D484D8A3-D3AD-488F-BD55-1582E73CFA75}.Learn|ARM64.Build.0 = Release|Any CPU
		{D484D8A3-D3AD-488F-BD55-1582E73CFA75}.Learn|x64.ActiveCfg = Release|Any CPU
		{D484D8A3-D3AD-488F-BD55-1582E73CFA75}.Learn|x64.Build.0 = Release|Any CPU
		{D484D8A3-D3AD-488F-BD55-1582E73CFA75}.Learn|x86.ActiveCfg = Release|Any CPU
		{D484D8A3-D3AD-488F-BD55-1582E73CFA75}.Learn|x86.Build.0 = Release|Any CPU
		{D484D8A3-D3AD-488F-BD55-1582E73CFA75}.LearnDebug|Any CPU.ActiveCfg = Debug|Any CPU
		{D484D8A3-D3AD-488F-BD55-1582E73CFA75}.LearnDebug|Any CPU.Build.0 = Debug|Any CPU
		{D484D8A3-D3AD-488F-BD55-1582E73CFA75}.LearnDebug|ARM.ActiveCfg = Debug|Any CPU
		{D484D8A3-D3AD-488F-BD55-1582E73CFA75}.LearnDebug|ARM.Build.0 = Debug|Any CPU
		{D484D8A3-D3AD-488F-BD55-1582E73CFA75}.LearnDebug|ARM64.ActiveCfg = Debug|Any CPU
		{D484D8A3-D3AD-488F-BD55-1582E73CFA75}.LearnDebug|ARM64.Build.0 = Debug|Any CPU
		{D484D8A3-D3AD-488F-BD55-1582E73CFA75}.LearnDebug|x64.ActiveCfg = Debug|Any CPU
		{D484D8A3-D3AD-488F-BD55-1582E73CFA75}.LearnDebug|x64.Build.0 = Debug|Any CPU
		{D484D8A3-D3AD-488F-BD55-1582E73CFA75}.LearnDebug|x86.ActiveCfg = Debug|Any CPU
		{D484D8A3-D3AD-488F-BD55-1582E73CFA75}.LearnDebug|x86.Build.0 = Debug|Any CPU
		{D484D8A3-D3AD-488F-BD55-1582E73CFA75}.Produkcja|Any CPU.ActiveCfg = Release|Any CPU
		{D484D8A3-D3AD-488F-BD55-1582E73CFA75}.Produkcja|Any CPU.Build.0 = Release|Any CPU
		{D484D8A3-D3AD-488F-BD55-1582E73CFA75}.Produkcja|ARM.ActiveCfg = Release|Any CPU
		{D484D8A3-D3AD-488F-BD55-1582E73CFA75}.Produkcja|ARM.Build.0 = Release|Any CPU
		{D484D8A3-D3AD-488F-BD55-1582E73CFA75}.Produkcja|ARM64.ActiveCfg = Release|Any CPU
		{D484D8A3-D3AD-488F-BD55-1582E73CFA75}.Produkcja|ARM64.Build.0 = Release|Any CPU
		{D484D8A3-D3AD-488F-BD55-1582E73CFA75}.Produkcja|x64.ActiveCfg = Release|Any CPU
		{D484D8A3-D3AD-488F-BD55-1582E73CFA75}.Produkcja|x64.Build.0 = Release|Any CPU
		{D484D8A3-D3AD-488F-BD55-1582E73CFA75}.Produkcja|x86.ActiveCfg = Release|Any CPU
		{D484D8A3-D3AD-488F-BD55-1582E73CFA75}.Produkcja|x86.Build.0 = Release|Any CPU
		{D484D8A3-D3AD-488F-BD55-1582E73CFA75}.Release|Any CPU.ActiveCfg = Release|Any CPU
		{D484D8A3-D3AD-488F-BD55-1582E73CFA75}.Release|Any CPU.Build.0 = Release|Any CPU
		{D484D8A3-D3AD-488F-BD55-1582E73CFA75}.Release|ARM.ActiveCfg = Release|Any CPU
		{D484D8A3-D3AD-488F-BD55-1582E73CFA75}.Release|ARM.Build.0 = Release|Any CPU
		{D484D8A3-D3AD-488F-BD55-1582E73CFA75}.Release|ARM64.ActiveCfg = Release|Any CPU
		{D484D8A3-D3AD-488F-BD55-1582E73CFA75}.Release|ARM64.Build.0 = Release|Any CPU
		{D484D8A3-D3AD-488F-BD55-1582E73CFA75}.Release|x64.ActiveCfg = Release|Any CPU
		{D484D8A3-D3AD-488F-BD55-1582E73CFA75}.Release|x64.Build.0 = Release|Any CPU
		{D484D8A3-D3AD-488F-BD55-1582E73CFA75}.Release|x86.ActiveCfg = Release|Any CPU
		{D484D8A3-D3AD-488F-BD55-1582E73CFA75}.Release|x86.Build.0 = Release|Any CPU
	EndGlobalSection
	GlobalSection(SolutionProperties) = preSolution
		HideSolutionNode = FALSE
	EndGlobalSection
	GlobalSection(ExtensibilityGlobals) = postSolution
		SolutionGuid = {B4F36552-AA66-46B1-9C28-17EB76F6BA68}
	EndGlobalSection
EndGlobal
